
Microsoft Visual Studio Solution File, Format Version 12.00
# Visual Studio Version 16
VisualStudioVersion = 16.0.30804.86
MinimumVisualStudioVersion = 10.0.40219.1
Project("{FAE04EC0-301F-11D3-BF4B-00C04F79EFBC}") = "BlazorApp1", "BlazorApp1\BlazorApp1.csproj", "{33ECC348-A995-43C6-8FFD-23738E210C1E}"
EndProject
Global
	GlobalSection(SolutionConfigurationPlatforms) = preSolution
		Debug|Any CPU = Debug|Any CPU
		Release|Any CPU = Release|Any CPU
	EndGlobalSection
	GlobalSection(ProjectConfigurationPlatforms) = postSolution
		{33ECC348-A995-43C6-8FFD-23738E210C1E}.Debug|Any CPU.ActiveCfg = Debug|Any CPU
		{33ECC348-A995-43C6-8FFD-23738E210C1E}.Debug|Any CPU.Build.0 = Debug|Any CPU
		{33ECC348-A995-43C6-8FFD-23738E210C1E}.Release|Any CPU.ActiveCfg = Release|Any CPU
		{33ECC348-A995-43C6-8FFD-23738E210C1E}.Release|Any CPU.Build.0 = Release|Any CPU
	EndGlobalSection
	GlobalSection(SolutionProperties) = preSolution
		HideSolutionNode = FALSE
	EndGlobalSection
	GlobalSection(ExtensibilityGlobals) = postSolution
		SolutionGuid = {9633BD4A-567D-444B-AF34-DA32F2D517D9}
	EndGlobalSection
EndGlobal
